<?xml version="1.0" encoding="utf-8"?>
<Project ToolsVersion="4.0" xmlns="http://schemas.microsoft.com/developer/msbuild/2003">
  <ItemGroup>
    <Filter Include="ソース ファイル">
      <UniqueIdentifier>{4FC737F1-C7A5-4376-A066-2A32D752A2FF}</UniqueIdentifier>
      <Extensions>cpp;c;cc;cxx;def;odl;idl;hpj;bat;asm;asmx</Extensions>
    </Filter>
    <Filter Include="ヘッダー ファイル">
      <UniqueIdentifier>{93995380-89BD-4b04-88EB-625FBE52EBFB}</UniqueIdentifier>
      <Extensions>h;hpp;hxx;hm;inl;inc;xsd</Extensions>
    </Filter>
    <Filter Include="リソース ファイル">
      <UniqueIdentifier>{67DA6AB6-F800-4c08-8B7A-83BB121AAD01}</UniqueIdentifier>
      <Extensions>rc;ico;cur;bmp;dlg;rc2;rct;bin;rgs;gif;jpg;jpeg;jpe;resx;tiff;tif;png;wav;mfcribbon-ms</Extensions>
    </Filter>
    <Filter Include="ソース ファイル\Dialog">
      <UniqueIdentifier>{13e86d86-f54c-4e00-a38f-b4b073a2a9ab}</UniqueIdentifier>
    </Filter>
    <Filter Include="ヘッダー ファイル\Dialog">
      <UniqueIdentifier>{38aca4f3-8ddb-431a-af6a-da61e45c929f}</UniqueIdentifier>
    </Filter>
    <Filter Include="ソース ファイル\Variable">
      <UniqueIdentifier>{80e827ae-89e1-452a-acbc-72744b68c9da}</UniqueIdentifier>
    </Filter>
    <Filter Include="ヘッダー ファイル\Variable">
      <UniqueIdentifier>{178bdc77-d84d-4b57-a628-68a78b2ab715}</UniqueIdentifier>
    </Filter>
  </ItemGroup>
  <ItemGroup>
    <None Include="ReadMe.txt" />
    <None Include="res\SAutomation.rc2">
      <Filter>リソース ファイル</Filter>
    </None>
    <None Include="res\SAutomation.ico">
      <Filter>リソース ファイル</Filter>
    </None>
    <None Include="res\iconClose.ico">
      <Filter>リソース ファイル</Filter>
    </None>
    <None Include="res\iconMinimize.ico">
      <Filter>リソース ファイル</Filter>
    </None>
    <None Include="res\iconRunning.ico">
      <Filter>リソース ファイル</Filter>
    </None>
    <None Include="res\iconStandby.ico">
      <Filter>リソース ファイル</Filter>
    </None>
    <None Include="res\icon1.ico">
      <Filter>リソース ファイル</Filter>
    </None>
    <None Include="res\icon2.ico">
      <Filter>リソース ファイル</Filter>
    </None>
    <None Include="res\iconMain.ico">
      <Filter>リソース ファイル</Filter>
    </None>
  </ItemGroup>
  <ItemGroup>
    <ClInclude Include="SAutomation.h">
      <Filter>ヘッダー ファイル</Filter>
    </ClInclude>
    <ClInclude Include="stdafx.h">
      <Filter>ヘッダー ファイル</Filter>
    </ClInclude>
    <ClInclude Include="targetver.h">
      <Filter>ヘッダー ファイル</Filter>
    </ClInclude>
    <ClInclude Include="Resource.h">
      <Filter>ヘッダー ファイル</Filter>
    </ClInclude>
    <ClInclude Include="Automation.h">
      <Filter>ヘッダー ファイル</Filter>
    </ClInclude>
    <ClInclude Include="Common.h">
      <Filter>ヘッダー ファイル</Filter>
    </ClInclude>
    <ClInclude Include="FlowManager.h">
      <Filter>ヘッダー ファイル</Filter>
    </ClInclude>
    <ClInclude Include="ImgProc.h">
      <Filter>ヘッダー ファイル</Filter>
    </ClInclude>
    <ClInclude Include="MouseAutomation.h">
      <Filter>ヘッダー ファイル</Filter>
    </ClInclude>
    <ClInclude Include="SImgProc_ex.h">
      <Filter>ヘッダー ファイル</Filter>
    </ClInclude>
    <ClInclude Include="Thread.h">
      <Filter>ヘッダー ファイル</Filter>
    </ClInclude>
    <ClInclude Include="Window.h">
      <Filter>ヘッダー ファイル</Filter>
    </ClInclude>
    <ClInclude Include="ClipBoard.h">
      <Filter>ヘッダー ファイル</Filter>
    </ClInclude>
    <ClInclude Include="SettingDlg.h">
      <Filter>ヘッダー ファイル\Dialog</Filter>
    </ClInclude>
    <ClInclude Include="SelectDlg.h">
      <Filter>ヘッダー ファイル\Dialog</Filter>
    </ClInclude>
    <ClInclude Include="SAutomationDlg.h">
      <Filter>ヘッダー ファイル\Dialog</Filter>
    </ClInclude>
    <ClInclude Include="InputDialog.h">
      <Filter>ヘッダー ファイル\Dialog</Filter>
    </ClInclude>
    <ClInclude Include="TabItem.h">
      <Filter>ヘッダー ファイル\Dialog</Filter>
    </ClInclude>
    <ClInclude Include="Variables.h">
      <Filter>ヘッダー ファイル\Variable</Filter>
    </ClInclude>
    <ClInclude Include="Variables_String.h">
      <Filter>ヘッダー ファイル\Variable</Filter>
    </ClInclude>
    <ClInclude Include="Variables_Img.h">
      <Filter>ヘッダー ファイル\Variable</Filter>
    </ClInclude>
    <ClInclude Include="Variables_Int.h">
      <Filter>ヘッダー ファイル\Variable</Filter>
    </ClInclude>
    <ClInclude Include="Variables_Obj.h">
      <Filter>ヘッダー ファイル\Variable</Filter>
    </ClInclude>
    <ClInclude Include="PlayMedia.h">
      <Filter>ヘッダー ファイル</Filter>
    </ClInclude>
    <ClInclude Include="Variables_Byte.h">
      <Filter>ヘッダー ファイル</Filter>
    </ClInclude>
    <ClInclude Include="Parser.h">
      <Filter>ヘッダー ファイル</Filter>
    </ClInclude>
  </ItemGroup>
  <ItemGroup>
    <ClCompile Include="SAutomation.cpp">
      <Filter>ソース ファイル</Filter>
    </ClCompile>
    <ClCompile Include="stdafx.cpp">
      <Filter>ソース ファイル</Filter>
    </ClCompile>
    <ClCompile Include="Automation.cpp">
      <Filter>ソース ファイル</Filter>
    </ClCompile>
    <ClCompile Include="Common.cpp">
      <Filter>ソース ファイル</Filter>
    </ClCompile>
    <ClCompile Include="FlowManager.cpp">
      <Filter>ソース ファイル</Filter>
    </ClCompile>
    <ClCompile Include="ImgProc.cpp">
      <Filter>ソース ファイル</Filter>
    </ClCompile>
    <ClCompile Include="MouseAutomation.cpp">
      <Filter>ソース ファイル</Filter>
    </ClCompile>
    <ClCompile Include="Thread.cpp">
      <Filter>ソース ファイル</Filter>
    </ClCompile>
    <ClCompile Include="Window.cpp">
      <Filter>ソース ファイル</Filter>
    </ClCompile>
    <ClCompile Include="ClipBoard.cpp">
      <Filter>ソース ファイル</Filter>
    </ClCompile>
    <ClCompile Include="SelectDlg.cpp">
      <Filter>ソース ファイル\Dialog</Filter>
    </ClCompile>
    <ClCompile Include="SettingDlg.cpp">
      <Filter>ソース ファイル\Dialog</Filter>
    </ClCompile>
    <ClCompile Include="InputDialog.cpp">
      <Filter>ソース ファイル\Dialog</Filter>
    </ClCompile>
    <ClCompile Include="SAutomationDlg.cpp">
      <Filter>ソース ファイル\Dialog</Filter>
    </ClCompile>
    <ClCompile Include="TabItem.cpp">
      <Filter>ソース ファイル\Dialog</Filter>
    </ClCompile>
    <ClCompile Include="Variables.cpp">
      <Filter>ソース ファイル\Variable</Filter>
    </ClCompile>
    <ClCompile Include="Variables_String.cpp">
      <Filter>ソース ファイル\Variable</Filter>
    </ClCompile>
    <ClCompile Include="Variables_Int.cpp">
      <Filter>ソース ファイル\Variable</Filter>
    </ClCompile>
    <ClCompile Include="Variables_Img.cpp">
      <Filter>ソース ファイル\Variable</Filter>
    </ClCompile>
    <ClCompile Include="Variables_Obj.cpp">
      <Filter>ソース ファイル\Variable</Filter>
    </ClCompile>
    <ClCompile Include="PlayMedia.cpp">
      <Filter>ソース ファイル</Filter>
    </ClCompile>
    <ClCompile Include="Variable_Byte.cpp">
      <Filter>ソース ファイル</Filter>
    </ClCompile>
    <ClCompile Include="Parser.cpp">
      <Filter>ソース ファイル</Filter>
    </ClCompile>
  </ItemGroup>
  <ItemGroup>
    <ResourceCompile Include="SAutomation.rc">
      <Filter>リソース ファイル</Filter>
    </ResourceCompile>
  </ItemGroup>
</Project>